
Microsoft Visual Studio Solution File, Format Version 11.00
# Visual Studio 2010
Project("{FAE04EC0-301F-11D3-BF4B-00C04F79EFBC}") = "Test01", "Test01\Test01.csproj", "{8C30C386-A61D-4EFF-BCAF-1F2FE26FA3A7}"
EndProject
Project("{2150E333-8FDC-42A3-9474-1A3956D46DE8}") = "Solution Items", "Solution Items", "{C153B407-8A8B-4EB0-93A0-CC2762BEA175}"
	ProjectSection(SolutionItems) = preProject
		Local.testsettings = Local.testsettings
		Test01.vsmdi = Test01.vsmdi
		TraceAndTestImpact.testsettings = TraceAndTestImpact.testsettings
	EndProjectSection
EndProject
Global
	GlobalSection(TestCaseManagementSettings) = postSolution
		CategoryFile = Test01.vsmdi
	EndGlobalSection
	GlobalSection(SolutionConfigurationPlatforms) = preSolution
		Debug|Any CPU = Debug|Any CPU
		Release|Any CPU = Release|Any CPU
	EndGlobalSection
	GlobalSection(ProjectConfigurationPlatforms) = postSolution
		{8C30C386-A61D-4EFF-BCAF-1F2FE26FA3A7}.Debug|Any CPU.ActiveCfg = Debug|Any CPU
		{8C30C386-A61D-4EFF-BCAF-1F2FE26FA3A7}.Debug|Any CPU.Build.0 = Debug|Any CPU
		{8C30C386-A61D-4EFF-BCAF-1F2FE26FA3A7}.Release|Any CPU.ActiveCfg = Release|Any CPU
		{8C30C386-A61D-4EFF-BCAF-1F2FE26FA3A7}.Release|Any CPU.Build.0 = Release|Any CPU
	EndGlobalSection
	GlobalSection(SolutionProperties) = preSolution
		HideSolutionNode = FALSE
	EndGlobalSection
EndGlobal
